
Microsoft Visual Studio Solution File, Format Version 12.00
# Visual Studio 2013
VisualStudioVersion = 12.0.21005.1
MinimumVisualStudioVersion = 10.0.40219.1
Project("{FAE04EC0-301F-11D3-BF4B-00C04F79EFBC}") = "WCFWeb.Co.ApiHost", "WCFWeb\WCFWeb.Co.ApiHost.csproj", "{012BE651-ED60-412D-AFD4-B325C13F8492}"
EndProject
Project("{FAE04EC0-301F-11D3-BF4B-00C04F79EFBC}") = "WCFWeb.Co.Contract", "WCFWeb.Co.Contract\WCFWeb.Co.Contract.csproj", "{055C0983-576A-4BE1-9FEB-69537AC96EB5}"
EndProject
Project("{FAE04EC0-301F-11D3-BF4B-00C04F79EFBC}") = "WCFWeb.Co.Transfer", "WCFWeb.Co.Transfer\WCFWeb.Co.Transfer.csproj", "{B7ABA11B-17F7-48A4-8002-CAC7CE1572F6}"
EndProject
Project("{FAE04EC0-301F-11D3-BF4B-00C04F79EFBC}") = "WCFWeb.Co", "WCFWeb.Co\WCFWeb.Co.csproj", "{75744B01-9ACF-43B3-A691-97AAB0A74C37}"
EndProject
Project("{FAE04EC0-301F-11D3-BF4B-00C04F79EFBC}") = "WCFWeb.Infrastructure.Co", "WCFWeb.Infrastructure.Co\WCFWeb.Infrastructure.Co.csproj", "{A21203A2-41DF-442F-B129-6BF49C9D4228}"
EndProject
Project("{FAE04EC0-301F-11D3-BF4B-00C04F79EFBC}") = "WCFWeb.Query.Co", "WCFWeb.Query.Co\WCFWeb.Query.Co.csproj", "{B53D3910-2D34-48D4-ACF4-41709F2D3654}"
EndProject
Project("{FAE04EC0-301F-11D3-BF4B-00C04F79EFBC}") = "TestImg", "TestImg\TestImg.csproj", "{1479421B-36FE-40E3-9809-C92D750EF5BC}"
EndProject
Project("{FAE04EC0-301F-11D3-BF4B-00C04F79EFBC}") = "WebsiteTool", "WebsiteTool\WebsiteTool.csproj", "{985EA996-339D-4D36-871C-1C3662B682E4}"
EndProject
Project("{2150E333-8FDC-42A3-9474-1A3956D46DE8}") = "WCFWeb", "WCFWeb", "{D9AFB6D7-714C-448D-AEA2-8D7491EF801B}"
EndProject
Project("{2150E333-8FDC-42A3-9474-1A3956D46DE8}") = "Tool", "Tool", "{E935F387-1F31-4BEC-A786-07BC7FEC4CAC}"
EndProject
Project("{2150E333-8FDC-42A3-9474-1A3956D46DE8}") = "WPF", "WPF", "{04E1D886-D1E3-4341-BAB4-95C2D9289595}"
EndProject
Project("{FAE04EC0-301F-11D3-BF4B-00C04F79EFBC}") = "WPFTest", "WPFTest\WPFTest.csproj", "{71955D50-00AA-44CC-9210-695189735E85}"
EndProject
Global
	GlobalSection(SolutionConfigurationPlatforms) = preSolution
		Debug|Any CPU = Debug|Any CPU
		Debug|Mixed Platforms = Debug|Mixed Platforms
		Debug|x86 = Debug|x86
		Release|Any CPU = Release|Any CPU
		Release|Mixed Platforms = Release|Mixed Platforms
		Release|x86 = Release|x86
	EndGlobalSection
	GlobalSection(ProjectConfigurationPlatforms) = postSolution
		{012BE651-ED60-412D-AFD4-B325C13F8492}.Debug|Any CPU.ActiveCfg = Debug|Any CPU
		{012BE651-ED60-412D-AFD4-B325C13F8492}.Debug|Any CPU.Build.0 = Debug|Any CPU
		{012BE651-ED60-412D-AFD4-B325C13F8492}.Debug|Mixed Platforms.ActiveCfg = Debug|x86
		{012BE651-ED60-412D-AFD4-B325C13F8492}.Debug|Mixed Platforms.Build.0 = Debug|x86
		{012BE651-ED60-412D-AFD4-B325C13F8492}.Debug|x86.ActiveCfg = Debug|x86
		{012BE651-ED60-412D-AFD4-B325C13F8492}.Debug|x86.Build.0 = Debug|x86
		{012BE651-ED60-412D-AFD4-B325C13F8492}.Release|Any CPU.ActiveCfg = Release|Any CPU
		{012BE651-ED60-412D-AFD4-B325C13F8492}.Release|Any CPU.Build.0 = Release|Any CPU
		{012BE651-ED60-412D-AFD4-B325C13F8492}.Release|Mixed Platforms.ActiveCfg = Release|x86
		{012BE651-ED60-412D-AFD4-B325C13F8492}.Release|Mixed Platforms.Build.0 = Release|x86
		{012BE651-ED60-412D-AFD4-B325C13F8492}.Release|x86.ActiveCfg = Release|x86
		{012BE651-ED60-412D-AFD4-B325C13F8492}.Release|x86.Build.0 = Release|x86
		{055C0983-576A-4BE1-9FEB-69537AC96EB5}.Debug|Any CPU.ActiveCfg = Debug|Any CPU
		{055C0983-576A-4BE1-9FEB-69537AC96EB5}.Debug|Any CPU.Build.0 = Debug|Any CPU
		{055C0983-576A-4BE1-9FEB-69537AC96EB5}.Debug|Mixed Platforms.ActiveCfg = Debug|x86
		{055C0983-576A-4BE1-9FEB-69537AC96EB5}.Debug|Mixed Platforms.Build.0 = Debug|x86
		{055C0983-576A-4BE1-9FEB-69537AC96EB5}.Debug|x86.ActiveCfg = Debug|x86
		{055C0983-576A-4BE1-9FEB-69537AC96EB5}.Debug|x86.Build.0 = Debug|x86
		{055C0983-576A-4BE1-9FEB-69537AC96EB5}.Release|Any CPU.ActiveCfg = Release|Any CPU
		{055C0983-576A-4BE1-9FEB-69537AC96EB5}.Release|Any CPU.Build.0 = Release|Any CPU
		{055C0983-576A-4BE1-9FEB-69537AC96EB5}.Release|Mixed Platforms.ActiveCfg = Release|x86
		{055C0983-576A-4BE1-9FEB-69537AC96EB5}.Release|Mixed Platforms.Build.0 = Release|x86
		{055C0983-576A-4BE1-9FEB-69537AC96EB5}.Release|x86.ActiveCfg = Release|x86
		{055C0983-576A-4BE1-9FEB-69537AC96EB5}.Release|x86.Build.0 = Release|x86
		{B7ABA11B-17F7-48A4-8002-CAC7CE1572F6}.Debug|Any CPU.ActiveCfg = Debug|Any CPU
		{B7ABA11B-17F7-48A4-8002-CAC7CE1572F6}.Debug|Any CPU.Build.0 = Debug|Any CPU
		{B7ABA11B-17F7-48A4-8002-CAC7CE1572F6}.Debug|Mixed Platforms.ActiveCfg = Debug|x86
		{B7ABA11B-17F7-48A4-8002-CAC7CE1572F6}.Debug|Mixed Platforms.Build.0 = Debug|x86
		{B7ABA11B-17F7-48A4-8002-CAC7CE1572F6}.Debug|x86.ActiveCfg = Debug|x86
		{B7ABA11B-17F7-48A4-8002-CAC7CE1572F6}.Debug|x86.Build.0 = Debug|x86
		{B7ABA11B-17F7-48A4-8002-CAC7CE1572F6}.Release|Any CPU.ActiveCfg = Release|Any CPU
		{B7ABA11B-17F7-48A4-8002-CAC7CE1572F6}.Release|Any CPU.Build.0 = Release|Any CPU
		{B7ABA11B-17F7-48A4-8002-CAC7CE1572F6}.Release|Mixed Platforms.ActiveCfg = Release|x86
		{B7ABA11B-17F7-48A4-8002-CAC7CE1572F6}.Release|Mixed Platforms.Build.0 = Release|x86
		{B7ABA11B-17F7-48A4-8002-CAC7CE1572F6}.Release|x86.ActiveCfg = Release|x86
		{B7ABA11B-17F7-48A4-8002-CAC7CE1572F6}.Release|x86.Build.0 = Release|x86
		{75744B01-9ACF-43B3-A691-97AAB0A74C37}.Debug|Any CPU.ActiveCfg = Debug|Any CPU
		{75744B01-9ACF-43B3-A691-97AAB0A74C37}.Debug|Any CPU.Build.0 = Debug|Any CPU
		{75744B01-9ACF-43B3-A691-97AAB0A74C37}.Debug|Mixed Platforms.ActiveCfg = Debug|x86
		{75744B01-9ACF-43B3-A691-97AAB0A74C37}.Debug|Mixed Platforms.Build.0 = Debug|x86
		{75744B01-9ACF-43B3-A691-97AAB0A74C37}.Debug|x86.ActiveCfg = Debug|x86
		{75744B01-9ACF-43B3-A691-97AAB0A74C37}.Debug|x86.Build.0 = Debug|x86
		{75744B01-9ACF-43B3-A691-97AAB0A74C37}.Release|Any CPU.ActiveCfg = Release|Any CPU
		{75744B01-9ACF-43B3-A691-97AAB0A74C37}.Release|Any CPU.Build.0 = Release|Any CPU
		{75744B01-9ACF-43B3-A691-97AAB0A74C37}.Release|Mixed Platforms.ActiveCfg = Release|x86
		{75744B01-9ACF-43B3-A691-97AAB0A74C37}.Release|Mixed Platforms.Build.0 = Release|x86
		{75744B01-9ACF-43B3-A691-97AAB0A74C37}.Release|x86.ActiveCfg = Release|x86
		{75744B01-9ACF-43B3-A691-97AAB0A74C37}.Release|x86.Build.0 = Release|x86
		{A21203A2-41DF-442F-B129-6BF49C9D4228}.Debug|Any CPU.ActiveCfg = Debug|Any CPU
		{A21203A2-41DF-442F-B129-6BF49C9D4228}.Debug|Any CPU.Build.0 = Debug|Any CPU
		{A21203A2-41DF-442F-B129-6BF49C9D4228}.Debug|Mixed Platforms.ActiveCfg = Debug|x86
		{A21203A2-41DF-442F-B129-6BF49C9D4228}.Debug|Mixed Platforms.Build.0 = Debug|x86
		{A21203A2-41DF-442F-B129-6BF49C9D4228}.Debug|x86.ActiveCfg = Debug|x86
		{A21203A2-41DF-442F-B129-6BF49C9D4228}.Debug|x86.Build.0 = Debug|x86
		{A21203A2-41DF-442F-B129-6BF49C9D4228}.Release|Any CPU.ActiveCfg = Release|Any CPU
		{A21203A2-41DF-442F-B129-6BF49C9D4228}.Release|Any CPU.Build.0 = Release|Any CPU
		{A21203A2-41DF-442F-B129-6BF49C9D4228}.Release|Mixed Platforms.ActiveCfg = Release|x86
		{A21203A2-41DF-442F-B129-6BF49C9D4228}.Release|Mixed Platforms.Build.0 = Release|x86
		{A21203A2-41DF-442F-B129-6BF49C9D4228}.Release|x86.ActiveCfg = Release|x86
		{A21203A2-41DF-442F-B129-6BF49C9D4228}.Release|x86.Build.0 = Release|x86
		{B53D3910-2D34-48D4-ACF4-41709F2D3654}.Debug|Any CPU.ActiveCfg = Debug|Any CPU
		{B53D3910-2D34-48D4-ACF4-41709F2D3654}.Debug|Any CPU.Build.0 = Debug|Any CPU
		{B53D3910-2D34-48D4-ACF4-41709F2D3654}.Debug|Mixed Platforms.ActiveCfg = Debug|x86
		{B53D3910-2D34-48D4-ACF4-41709F2D3654}.Debug|Mixed Platforms.Build.0 = Debug|x86
		{B53D3910-2D34-48D4-ACF4-41709F2D3654}.Debug|x86.ActiveCfg = Debug|x86
		{B53D3910-2D34-48D4-ACF4-41709F2D3654}.Debug|x86.Build.0 = Debug|x86
		{B53D3910-2D34-48D4-ACF4-41709F2D3654}.Release|Any CPU.ActiveCfg = Release|Any CPU
		{B53D3910-2D34-48D4-ACF4-41709F2D3654}.Release|Any CPU.Build.0 = Release|Any CPU
		{B53D3910-2D34-48D4-ACF4-41709F2D3654}.Release|Mixed Platforms.ActiveCfg = Release|x86
		{B53D3910-2D34-48D4-ACF4-41709F2D3654}.Release|Mixed Platforms.Build.0 = Release|x86
		{B53D3910-2D34-48D4-ACF4-41709F2D3654}.Release|x86.ActiveCfg = Release|x86
		{B53D3910-2D34-48D4-ACF4-41709F2D3654}.Release|x86.Build.0 = Release|x86
		{1479421B-36FE-40E3-9809-C92D750EF5BC}.Debug|Any CPU.ActiveCfg = Debug|Any CPU
		{1479421B-36FE-40E3-9809-C92D750EF5BC}.Debug|Any CPU.Build.0 = Debug|Any CPU
		{1479421B-36FE-40E3-9809-C92D750EF5BC}.Debug|Mixed Platforms.ActiveCfg = Debug|Any CPU
		{1479421B-36FE-40E3-9809-C92D750EF5BC}.Debug|Mixed Platforms.Build.0 = Debug|Any CPU
		{1479421B-36FE-40E3-9809-C92D750EF5BC}.Debug|x86.ActiveCfg = Debug|Any CPU
		{1479421B-36FE-40E3-9809-C92D750EF5BC}.Release|Any CPU.ActiveCfg = Release|Any CPU
		{1479421B-36FE-40E3-9809-C92D750EF5BC}.Release|Any CPU.Build.0 = Release|Any CPU
		{1479421B-36FE-40E3-9809-C92D750EF5BC}.Release|Mixed Platforms.ActiveCfg = Release|Any CPU
		{1479421B-36FE-40E3-9809-C92D750EF5BC}.Release|Mixed Platforms.Build.0 = Release|Any CPU
		{1479421B-36FE-40E3-9809-C92D750EF5BC}.Release|x86.ActiveCfg = Release|Any CPU
		{985EA996-339D-4D36-871C-1C3662B682E4}.Debug|Any CPU.ActiveCfg = Debug|Any CPU
		{985EA996-339D-4D36-871C-1C3662B682E4}.Debug|Any CPU.Build.0 = Debug|Any CPU
		{985EA996-339D-4D36-871C-1C3662B682E4}.Debug|Mixed Platforms.ActiveCfg = Debug|Any CPU
		{985EA996-339D-4D36-871C-1C3662B682E4}.Debug|Mixed Platforms.Build.0 = Debug|Any CPU
		{985EA996-339D-4D36-871C-1C3662B682E4}.Debug|x86.ActiveCfg = Debug|Any CPU
		{985EA996-339D-4D36-871C-1C3662B682E4}.Release|Any CPU.ActiveCfg = Release|Any CPU
		{985EA996-339D-4D36-871C-1C3662B682E4}.Release|Any CPU.Build.0 = Release|Any CPU
		{985EA996-339D-4D36-871C-1C3662B682E4}.Release|Mixed Platforms.ActiveCfg = Release|Any CPU
		{985EA996-339D-4D36-871C-1C3662B682E4}.Release|Mixed Platforms.Build.0 = Release|Any CPU
		{985EA996-339D-4D36-871C-1C3662B682E4}.Release|x86.ActiveCfg = Release|Any CPU
		{71955D50-00AA-44CC-9210-695189735E85}.Debug|Any CPU.ActiveCfg = Debug|Any CPU
		{71955D50-00AA-44CC-9210-695189735E85}.Debug|Any CPU.Build.0 = Debug|Any CPU
		{71955D50-00AA-44CC-9210-695189735E85}.Debug|Mixed Platforms.ActiveCfg = Debug|Any CPU
		{71955D50-00AA-44CC-9210-695189735E85}.Debug|Mixed Platforms.Build.0 = Debug|Any CPU
		{71955D50-00AA-44CC-9210-695189735E85}.Debug|x86.ActiveCfg = Debug|Any CPU
		{71955D50-00AA-44CC-9210-695189735E85}.Release|Any CPU.ActiveCfg = Release|Any CPU
		{71955D50-00AA-44CC-9210-695189735E85}.Release|Any CPU.Build.0 = Release|Any CPU
		{71955D50-00AA-44CC-9210-695189735E85}.Release|Mixed Platforms.ActiveCfg = Release|Any CPU
		{71955D50-00AA-44CC-9210-695189735E85}.Release|Mixed Platforms.Build.0 = Release|Any CPU
		{71955D50-00AA-44CC-9210-695189735E85}.Release|x86.ActiveCfg = Release|Any CPU
	EndGlobalSection
	GlobalSection(SolutionProperties) = preSolution
		HideSolutionNode = FALSE
	EndGlobalSection
	GlobalSection(NestedProjects) = preSolution
		{055C0983-576A-4BE1-9FEB-69537AC96EB5} = {D9AFB6D7-714C-448D-AEA2-8D7491EF801B}
		{B7ABA11B-17F7-48A4-8002-CAC7CE1572F6} = {D9AFB6D7-714C-448D-AEA2-8D7491EF801B}
		{75744B01-9ACF-43B3-A691-97AAB0A74C37} = {D9AFB6D7-714C-448D-AEA2-8D7491EF801B}
		{A21203A2-41DF-442F-B129-6BF49C9D4228} = {D9AFB6D7-714C-448D-AEA2-8D7491EF801B}
		{B53D3910-2D34-48D4-ACF4-41709F2D3654} = {D9AFB6D7-714C-448D-AEA2-8D7491EF801B}
		{012BE651-ED60-412D-AFD4-B325C13F8492} = {D9AFB6D7-714C-448D-AEA2-8D7491EF801B}
		{985EA996-339D-4D36-871C-1C3662B682E4} = {E935F387-1F31-4BEC-A786-07BC7FEC4CAC}
		{1479421B-36FE-40E3-9809-C92D750EF5BC} = {E935F387-1F31-4BEC-A786-07BC7FEC4CAC}
		{71955D50-00AA-44CC-9210-695189735E85} = {04E1D886-D1E3-4341-BAB4-95C2D9289595}
	EndGlobalSection
	GlobalSection(ExtensibilityGlobals) = postSolution
		VisualSVNWorkingCopyRoot = .
	EndGlobalSection
EndGlobal
