
Microsoft Visual Studio Solution File, Format Version 12.00
# Visual Studio 2013
VisualStudioVersion = 12.0.21005.1
MinimumVisualStudioVersion = 10.0.40219.1
Project("{2150E333-8FDC-42A3-9474-1A3956D46DE8}") = "WCF", "WCF", "{D9AFB6D7-714C-448D-AEA2-8D7491EF801B}"
EndProject
Project("{2150E333-8FDC-42A3-9474-1A3956D46DE8}") = "Tool", "Tool", "{E935F387-1F31-4BEC-A786-07BC7FEC4CAC}"
EndProject
Project("{2150E333-8FDC-42A3-9474-1A3956D46DE8}") = "WPF", "WPF", "{04E1D886-D1E3-4341-BAB4-95C2D9289595}"
EndProject
Project("{2150E333-8FDC-42A3-9474-1A3956D46DE8}") = "Shell", "Shell", "{57E8421F-C16A-49C6-87E0-C4FF4FAF2CFE}"
EndProject
Project("{2150E333-8FDC-42A3-9474-1A3956D46DE8}") = "Command", "Command", "{6D3BE0CD-BDD9-416E-88E8-3DDFA29613AF}"
EndProject
Project("{FAE04EC0-301F-11D3-BF4B-00C04F79EFBC}") = "ThinkCRM.Commands.Co", "Command\ThinkCRM.Commands.Co\ThinkCRM.Commands.Co.csproj", "{56FBBFCA-D173-473C-8B0B-C91E41B7BA5A}"
EndProject
Project("{FAE04EC0-301F-11D3-BF4B-00C04F79EFBC}") = "ThinkCRM.CommandExecutors.Co", "Command\ThinkCRM.CommandExecutors.Co\ThinkCRM.CommandExecutors.Co.csproj", "{45082A80-6A9E-4A35-90D3-DD955BC0350E}"
EndProject
Project("{2150E333-8FDC-42A3-9474-1A3956D46DE8}") = "Infrastructure", "Infrastructure", "{6C61D6AC-0D38-41DB-A428-CFDBA57BB60E}"
EndProject
Project("{FAE04EC0-301F-11D3-BF4B-00C04F79EFBC}") = "ThinkCRM.Infrastructure.DataEntity.Co", "Infrastructure\ThinkCRM.Infrastructure.DataEntity.Co\ThinkCRM.Infrastructure.DataEntity.Co.csproj", "{F5CCF728-148A-4F77-A81D-DEC279C995B8}"
EndProject
Project("{2150E333-8FDC-42A3-9474-1A3956D46DE8}") = "DataEntity", "DataEntity", "{418CF693-C853-4CDA-B756-6BC00FDF1E0B}"
EndProject
Project("{2150E333-8FDC-42A3-9474-1A3956D46DE8}") = "Persistence", "Persistence", "{31871ABA-323E-4A2B-B6CF-CF58C47354D4}"
EndProject
Project("{FAE04EC0-301F-11D3-BF4B-00C04F79EFBC}") = "ThinkCRM.Infrastructure.Persistence.Co", "Infrastructure\ThinkCRM.Infrastructure.Persistence.Co\ThinkCRM.Infrastructure.Persistence.Co.csproj", "{0CE3A5ED-0760-4952-8A90-6E8CA9B378E9}"
EndProject
Project("{2150E333-8FDC-42A3-9474-1A3956D46DE8}") = "ApiHost", "ApiHost", "{1C2110C1-7E36-4C4E-BD03-50AE375A612E}"
EndProject
Project("{2150E333-8FDC-42A3-9474-1A3956D46DE8}") = "WEB", "WEB", "{74F160C5-E0C8-4B45-9B75-47DCB18185C6}"
EndProject
Project("{2150E333-8FDC-42A3-9474-1A3956D46DE8}") = "Python", "Python", "{1CCA8A39-1A93-4875-8BDC-8A02827962BC}"
EndProject
Project("{FAE04EC0-301F-11D3-BF4B-00C04F79EFBC}") = "WCFWeb.Co", "WCF\WCFWeb.Co\WCFWeb.Co.csproj", "{75744B01-9ACF-43B3-A691-97AAB0A74C37}"
EndProject
Project("{FAE04EC0-301F-11D3-BF4B-00C04F79EFBC}") = "WCFWeb.Co.Contract", "WCF\WCFWeb.Co.Contract\WCFWeb.Co.Contract.csproj", "{055C0983-576A-4BE1-9FEB-69537AC96EB5}"
EndProject
Project("{FAE04EC0-301F-11D3-BF4B-00C04F79EFBC}") = "WCFWeb.Co.Transfer", "WCF\WCFWeb.Co.Transfer\WCFWeb.Co.Transfer.csproj", "{B7ABA11B-17F7-48A4-8002-CAC7CE1572F6}"
EndProject
Project("{FAE04EC0-301F-11D3-BF4B-00C04F79EFBC}") = "WCFWeb.Infrastructure.Co", "WCF\WCFWeb.Infrastructure.Co\WCFWeb.Infrastructure.Co.csproj", "{A21203A2-41DF-442F-B129-6BF49C9D4228}"
EndProject
Project("{FAE04EC0-301F-11D3-BF4B-00C04F79EFBC}") = "WCFWeb.Query.Co", "WCF\WCFWeb.Query.Co\WCFWeb.Query.Co.csproj", "{B53D3910-2D34-48D4-ACF4-41709F2D3654}"
EndProject
Project("{FAE04EC0-301F-11D3-BF4B-00C04F79EFBC}") = "WPFTest", "Shell\WPFTest\WPFTest.csproj", "{71955D50-00AA-44CC-9210-695189735E85}"
EndProject
Project("{FAE04EC0-301F-11D3-BF4B-00C04F79EFBC}") = "WCFWeb.Co.ApiHost", "Shell\WCFWeb\WCFWeb.Co.ApiHost.csproj", "{012BE651-ED60-412D-AFD4-B325C13F8492}"
EndProject
Project("{FAE04EC0-301F-11D3-BF4B-00C04F79EFBC}") = "ThinkCRM.Infrastructure.Repository.Co", "Infrastructure\ThinkCRM.Infrastructure.Repository.Co\ThinkCRM.Infrastructure.Repository.Co.csproj", "{28AED6AC-4565-4FE5-9913-17B04B02E3F9}"
EndProject
Project("{FAE04EC0-301F-11D3-BF4B-00C04F79EFBC}") = "ThinkCRM.Domain.Co", "Infrastructure\ThinkCRM.Domain.Co\ThinkCRM.Domain.Co.csproj", "{92279F55-6F78-4A78-B5C3-C15EC9833E7E}"
EndProject
Project("{FAE04EC0-301F-11D3-BF4B-00C04F79EFBC}") = "ThinkCRM.Infrastructure.Co", "Infrastructure\ThinkCRM.Infrastructure.Co\ThinkCRM.Infrastructure.Co.csproj", "{1B32B221-74A2-4028-9DB3-12E674D2345B}"
EndProject
Global
	GlobalSection(SolutionConfigurationPlatforms) = preSolution
		Debug|Any CPU = Debug|Any CPU
		Debug|ARM = Debug|ARM
		Debug|Mixed Platforms = Debug|Mixed Platforms
		Debug|x64 = Debug|x64
		Debug|x86 = Debug|x86
		Release|Any CPU = Release|Any CPU
		Release|ARM = Release|ARM
		Release|Mixed Platforms = Release|Mixed Platforms
		Release|x64 = Release|x64
		Release|x86 = Release|x86
	EndGlobalSection
	GlobalSection(ProjectConfigurationPlatforms) = postSolution
		{56FBBFCA-D173-473C-8B0B-C91E41B7BA5A}.Debug|Any CPU.ActiveCfg = Debug|Any CPU
		{56FBBFCA-D173-473C-8B0B-C91E41B7BA5A}.Debug|Any CPU.Build.0 = Debug|Any CPU
		{56FBBFCA-D173-473C-8B0B-C91E41B7BA5A}.Debug|ARM.ActiveCfg = Debug|Any CPU
		{56FBBFCA-D173-473C-8B0B-C91E41B7BA5A}.Debug|Mixed Platforms.ActiveCfg = Debug|Any CPU
		{56FBBFCA-D173-473C-8B0B-C91E41B7BA5A}.Debug|Mixed Platforms.Build.0 = Debug|Any CPU
		{56FBBFCA-D173-473C-8B0B-C91E41B7BA5A}.Debug|x64.ActiveCfg = Debug|Any CPU
		{56FBBFCA-D173-473C-8B0B-C91E41B7BA5A}.Debug|x86.ActiveCfg = Debug|Any CPU
		{56FBBFCA-D173-473C-8B0B-C91E41B7BA5A}.Release|Any CPU.ActiveCfg = Release|Any CPU
		{56FBBFCA-D173-473C-8B0B-C91E41B7BA5A}.Release|Any CPU.Build.0 = Release|Any CPU
		{56FBBFCA-D173-473C-8B0B-C91E41B7BA5A}.Release|ARM.ActiveCfg = Release|Any CPU
		{56FBBFCA-D173-473C-8B0B-C91E41B7BA5A}.Release|Mixed Platforms.ActiveCfg = Release|Any CPU
		{56FBBFCA-D173-473C-8B0B-C91E41B7BA5A}.Release|Mixed Platforms.Build.0 = Release|Any CPU
		{56FBBFCA-D173-473C-8B0B-C91E41B7BA5A}.Release|x64.ActiveCfg = Release|Any CPU
		{56FBBFCA-D173-473C-8B0B-C91E41B7BA5A}.Release|x86.ActiveCfg = Release|Any CPU
		{45082A80-6A9E-4A35-90D3-DD955BC0350E}.Debug|Any CPU.ActiveCfg = Debug|Any CPU
		{45082A80-6A9E-4A35-90D3-DD955BC0350E}.Debug|Any CPU.Build.0 = Debug|Any CPU
		{45082A80-6A9E-4A35-90D3-DD955BC0350E}.Debug|ARM.ActiveCfg = Debug|Any CPU
		{45082A80-6A9E-4A35-90D3-DD955BC0350E}.Debug|Mixed Platforms.ActiveCfg = Debug|Any CPU
		{45082A80-6A9E-4A35-90D3-DD955BC0350E}.Debug|Mixed Platforms.Build.0 = Debug|Any CPU
		{45082A80-6A9E-4A35-90D3-DD955BC0350E}.Debug|x64.ActiveCfg = Debug|Any CPU
		{45082A80-6A9E-4A35-90D3-DD955BC0350E}.Debug|x86.ActiveCfg = Debug|Any CPU
		{45082A80-6A9E-4A35-90D3-DD955BC0350E}.Release|Any CPU.ActiveCfg = Release|Any CPU
		{45082A80-6A9E-4A35-90D3-DD955BC0350E}.Release|Any CPU.Build.0 = Release|Any CPU
		{45082A80-6A9E-4A35-90D3-DD955BC0350E}.Release|ARM.ActiveCfg = Release|Any CPU
		{45082A80-6A9E-4A35-90D3-DD955BC0350E}.Release|Mixed Platforms.ActiveCfg = Release|Any CPU
		{45082A80-6A9E-4A35-90D3-DD955BC0350E}.Release|Mixed Platforms.Build.0 = Release|Any CPU
		{45082A80-6A9E-4A35-90D3-DD955BC0350E}.Release|x64.ActiveCfg = Release|Any CPU
		{45082A80-6A9E-4A35-90D3-DD955BC0350E}.Release|x86.ActiveCfg = Release|Any CPU
		{F5CCF728-148A-4F77-A81D-DEC279C995B8}.Debug|Any CPU.ActiveCfg = Debug|Any CPU
		{F5CCF728-148A-4F77-A81D-DEC279C995B8}.Debug|Any CPU.Build.0 = Debug|Any CPU
		{F5CCF728-148A-4F77-A81D-DEC279C995B8}.Debug|ARM.ActiveCfg = Debug|Any CPU
		{F5CCF728-148A-4F77-A81D-DEC279C995B8}.Debug|Mixed Platforms.ActiveCfg = Debug|Any CPU
		{F5CCF728-148A-4F77-A81D-DEC279C995B8}.Debug|Mixed Platforms.Build.0 = Debug|Any CPU
		{F5CCF728-148A-4F77-A81D-DEC279C995B8}.Debug|x64.ActiveCfg = Debug|Any CPU
		{F5CCF728-148A-4F77-A81D-DEC279C995B8}.Debug|x86.ActiveCfg = Debug|Any CPU
		{F5CCF728-148A-4F77-A81D-DEC279C995B8}.Release|Any CPU.ActiveCfg = Release|Any CPU
		{F5CCF728-148A-4F77-A81D-DEC279C995B8}.Release|Any CPU.Build.0 = Release|Any CPU
		{F5CCF728-148A-4F77-A81D-DEC279C995B8}.Release|ARM.ActiveCfg = Release|Any CPU
		{F5CCF728-148A-4F77-A81D-DEC279C995B8}.Release|Mixed Platforms.ActiveCfg = Release|Any CPU
		{F5CCF728-148A-4F77-A81D-DEC279C995B8}.Release|Mixed Platforms.Build.0 = Release|Any CPU
		{F5CCF728-148A-4F77-A81D-DEC279C995B8}.Release|x64.ActiveCfg = Release|Any CPU
		{F5CCF728-148A-4F77-A81D-DEC279C995B8}.Release|x86.ActiveCfg = Release|Any CPU
		{0CE3A5ED-0760-4952-8A90-6E8CA9B378E9}.Debug|Any CPU.ActiveCfg = Debug|Any CPU
		{0CE3A5ED-0760-4952-8A90-6E8CA9B378E9}.Debug|Any CPU.Build.0 = Debug|Any CPU
		{0CE3A5ED-0760-4952-8A90-6E8CA9B378E9}.Debug|ARM.ActiveCfg = Debug|Any CPU
		{0CE3A5ED-0760-4952-8A90-6E8CA9B378E9}.Debug|Mixed Platforms.ActiveCfg = Debug|Any CPU
		{0CE3A5ED-0760-4952-8A90-6E8CA9B378E9}.Debug|Mixed Platforms.Build.0 = Debug|Any CPU
		{0CE3A5ED-0760-4952-8A90-6E8CA9B378E9}.Debug|x64.ActiveCfg = Debug|Any CPU
		{0CE3A5ED-0760-4952-8A90-6E8CA9B378E9}.Debug|x86.ActiveCfg = Debug|Any CPU
		{0CE3A5ED-0760-4952-8A90-6E8CA9B378E9}.Release|Any CPU.ActiveCfg = Release|Any CPU
		{0CE3A5ED-0760-4952-8A90-6E8CA9B378E9}.Release|Any CPU.Build.0 = Release|Any CPU
		{0CE3A5ED-0760-4952-8A90-6E8CA9B378E9}.Release|ARM.ActiveCfg = Release|Any CPU
		{0CE3A5ED-0760-4952-8A90-6E8CA9B378E9}.Release|Mixed Platforms.ActiveCfg = Release|Any CPU
		{0CE3A5ED-0760-4952-8A90-6E8CA9B378E9}.Release|Mixed Platforms.Build.0 = Release|Any CPU
		{0CE3A5ED-0760-4952-8A90-6E8CA9B378E9}.Release|x64.ActiveCfg = Release|Any CPU
		{0CE3A5ED-0760-4952-8A90-6E8CA9B378E9}.Release|x86.ActiveCfg = Release|Any CPU
		{75744B01-9ACF-43B3-A691-97AAB0A74C37}.Debug|Any CPU.ActiveCfg = Debug|Any CPU
		{75744B01-9ACF-43B3-A691-97AAB0A74C37}.Debug|Any CPU.Build.0 = Debug|Any CPU
		{75744B01-9ACF-43B3-A691-97AAB0A74C37}.Debug|ARM.ActiveCfg = Debug|Any CPU
		{75744B01-9ACF-43B3-A691-97AAB0A74C37}.Debug|Mixed Platforms.ActiveCfg = Debug|x86
		{75744B01-9ACF-43B3-A691-97AAB0A74C37}.Debug|Mixed Platforms.Build.0 = Debug|x86
		{75744B01-9ACF-43B3-A691-97AAB0A74C37}.Debug|x64.ActiveCfg = Debug|Any CPU
		{75744B01-9ACF-43B3-A691-97AAB0A74C37}.Debug|x86.ActiveCfg = Debug|x86
		{75744B01-9ACF-43B3-A691-97AAB0A74C37}.Debug|x86.Build.0 = Debug|x86
		{75744B01-9ACF-43B3-A691-97AAB0A74C37}.Release|Any CPU.ActiveCfg = Release|Any CPU
		{75744B01-9ACF-43B3-A691-97AAB0A74C37}.Release|Any CPU.Build.0 = Release|Any CPU
		{75744B01-9ACF-43B3-A691-97AAB0A74C37}.Release|ARM.ActiveCfg = Release|Any CPU
		{75744B01-9ACF-43B3-A691-97AAB0A74C37}.Release|Mixed Platforms.ActiveCfg = Release|x86
		{75744B01-9ACF-43B3-A691-97AAB0A74C37}.Release|Mixed Platforms.Build.0 = Release|x86
		{75744B01-9ACF-43B3-A691-97AAB0A74C37}.Release|x64.ActiveCfg = Release|Any CPU
		{75744B01-9ACF-43B3-A691-97AAB0A74C37}.Release|x86.ActiveCfg = Release|x86
		{75744B01-9ACF-43B3-A691-97AAB0A74C37}.Release|x86.Build.0 = Release|x86
		{055C0983-576A-4BE1-9FEB-69537AC96EB5}.Debug|Any CPU.ActiveCfg = Debug|Any CPU
		{055C0983-576A-4BE1-9FEB-69537AC96EB5}.Debug|Any CPU.Build.0 = Debug|Any CPU
		{055C0983-576A-4BE1-9FEB-69537AC96EB5}.Debug|ARM.ActiveCfg = Debug|Any CPU
		{055C0983-576A-4BE1-9FEB-69537AC96EB5}.Debug|Mixed Platforms.ActiveCfg = Debug|x86
		{055C0983-576A-4BE1-9FEB-69537AC96EB5}.Debug|Mixed Platforms.Build.0 = Debug|x86
		{055C0983-576A-4BE1-9FEB-69537AC96EB5}.Debug|x64.ActiveCfg = Debug|Any CPU
		{055C0983-576A-4BE1-9FEB-69537AC96EB5}.Debug|x86.ActiveCfg = Debug|x86
		{055C0983-576A-4BE1-9FEB-69537AC96EB5}.Debug|x86.Build.0 = Debug|x86
		{055C0983-576A-4BE1-9FEB-69537AC96EB5}.Release|Any CPU.ActiveCfg = Release|Any CPU
		{055C0983-576A-4BE1-9FEB-69537AC96EB5}.Release|Any CPU.Build.0 = Release|Any CPU
		{055C0983-576A-4BE1-9FEB-69537AC96EB5}.Release|ARM.ActiveCfg = Release|Any CPU
		{055C0983-576A-4BE1-9FEB-69537AC96EB5}.Release|Mixed Platforms.ActiveCfg = Release|x86
		{055C0983-576A-4BE1-9FEB-69537AC96EB5}.Release|Mixed Platforms.Build.0 = Release|x86
		{055C0983-576A-4BE1-9FEB-69537AC96EB5}.Release|x64.ActiveCfg = Release|Any CPU
		{055C0983-576A-4BE1-9FEB-69537AC96EB5}.Release|x86.ActiveCfg = Release|x86
		{055C0983-576A-4BE1-9FEB-69537AC96EB5}.Release|x86.Build.0 = Release|x86
		{B7ABA11B-17F7-48A4-8002-CAC7CE1572F6}.Debug|Any CPU.ActiveCfg = Debug|Any CPU
		{B7ABA11B-17F7-48A4-8002-CAC7CE1572F6}.Debug|Any CPU.Build.0 = Debug|Any CPU
		{B7ABA11B-17F7-48A4-8002-CAC7CE1572F6}.Debug|ARM.ActiveCfg = Debug|Any CPU
		{B7ABA11B-17F7-48A4-8002-CAC7CE1572F6}.Debug|Mixed Platforms.ActiveCfg = Debug|x86
		{B7ABA11B-17F7-48A4-8002-CAC7CE1572F6}.Debug|Mixed Platforms.Build.0 = Debug|x86
		{B7ABA11B-17F7-48A4-8002-CAC7CE1572F6}.Debug|x64.ActiveCfg = Debug|Any CPU
		{B7ABA11B-17F7-48A4-8002-CAC7CE1572F6}.Debug|x86.ActiveCfg = Debug|x86
		{B7ABA11B-17F7-48A4-8002-CAC7CE1572F6}.Debug|x86.Build.0 = Debug|x86
		{B7ABA11B-17F7-48A4-8002-CAC7CE1572F6}.Release|Any CPU.ActiveCfg = Release|Any CPU
		{B7ABA11B-17F7-48A4-8002-CAC7CE1572F6}.Release|Any CPU.Build.0 = Release|Any CPU
		{B7ABA11B-17F7-48A4-8002-CAC7CE1572F6}.Release|ARM.ActiveCfg = Release|Any CPU
		{B7ABA11B-17F7-48A4-8002-CAC7CE1572F6}.Release|Mixed Platforms.ActiveCfg = Release|x86
		{B7ABA11B-17F7-48A4-8002-CAC7CE1572F6}.Release|Mixed Platforms.Build.0 = Release|x86
		{B7ABA11B-17F7-48A4-8002-CAC7CE1572F6}.Release|x64.ActiveCfg = Release|Any CPU
		{B7ABA11B-17F7-48A4-8002-CAC7CE1572F6}.Release|x86.ActiveCfg = Release|x86
		{B7ABA11B-17F7-48A4-8002-CAC7CE1572F6}.Release|x86.Build.0 = Release|x86
		{A21203A2-41DF-442F-B129-6BF49C9D4228}.Debug|Any CPU.ActiveCfg = Debug|Any CPU
		{A21203A2-41DF-442F-B129-6BF49C9D4228}.Debug|Any CPU.Build.0 = Debug|Any CPU
		{A21203A2-41DF-442F-B129-6BF49C9D4228}.Debug|ARM.ActiveCfg = Debug|Any CPU
		{A21203A2-41DF-442F-B129-6BF49C9D4228}.Debug|Mixed Platforms.ActiveCfg = Debug|x86
		{A21203A2-41DF-442F-B129-6BF49C9D4228}.Debug|Mixed Platforms.Build.0 = Debug|x86
		{A21203A2-41DF-442F-B129-6BF49C9D4228}.Debug|x64.ActiveCfg = Debug|Any CPU
		{A21203A2-41DF-442F-B129-6BF49C9D4228}.Debug|x86.ActiveCfg = Debug|x86
		{A21203A2-41DF-442F-B129-6BF49C9D4228}.Debug|x86.Build.0 = Debug|x86
		{A21203A2-41DF-442F-B129-6BF49C9D4228}.Release|Any CPU.ActiveCfg = Release|Any CPU
		{A21203A2-41DF-442F-B129-6BF49C9D4228}.Release|Any CPU.Build.0 = Release|Any CPU
		{A21203A2-41DF-442F-B129-6BF49C9D4228}.Release|ARM.ActiveCfg = Release|Any CPU
		{A21203A2-41DF-442F-B129-6BF49C9D4228}.Release|Mixed Platforms.ActiveCfg = Release|x86
		{A21203A2-41DF-442F-B129-6BF49C9D4228}.Release|Mixed Platforms.Build.0 = Release|x86
		{A21203A2-41DF-442F-B129-6BF49C9D4228}.Release|x64.ActiveCfg = Release|Any CPU
		{A21203A2-41DF-442F-B129-6BF49C9D4228}.Release|x86.ActiveCfg = Release|x86
		{A21203A2-41DF-442F-B129-6BF49C9D4228}.Release|x86.Build.0 = Release|x86
		{B53D3910-2D34-48D4-ACF4-41709F2D3654}.Debug|Any CPU.ActiveCfg = Debug|Any CPU
		{B53D3910-2D34-48D4-ACF4-41709F2D3654}.Debug|Any CPU.Build.0 = Debug|Any CPU
		{B53D3910-2D34-48D4-ACF4-41709F2D3654}.Debug|ARM.ActiveCfg = Debug|Any CPU
		{B53D3910-2D34-48D4-ACF4-41709F2D3654}.Debug|Mixed Platforms.ActiveCfg = Debug|x86
		{B53D3910-2D34-48D4-ACF4-41709F2D3654}.Debug|Mixed Platforms.Build.0 = Debug|x86
		{B53D3910-2D34-48D4-ACF4-41709F2D3654}.Debug|x64.ActiveCfg = Debug|Any CPU
		{B53D3910-2D34-48D4-ACF4-41709F2D3654}.Debug|x86.ActiveCfg = Debug|x86
		{B53D3910-2D34-48D4-ACF4-41709F2D3654}.Debug|x86.Build.0 = Debug|x86
		{B53D3910-2D34-48D4-ACF4-41709F2D3654}.Release|Any CPU.ActiveCfg = Release|Any CPU
		{B53D3910-2D34-48D4-ACF4-41709F2D3654}.Release|Any CPU.Build.0 = Release|Any CPU
		{B53D3910-2D34-48D4-ACF4-41709F2D3654}.Release|ARM.ActiveCfg = Release|Any CPU
		{B53D3910-2D34-48D4-ACF4-41709F2D3654}.Release|Mixed Platforms.ActiveCfg = Release|x86
		{B53D3910-2D34-48D4-ACF4-41709F2D3654}.Release|Mixed Platforms.Build.0 = Release|x86
		{B53D3910-2D34-48D4-ACF4-41709F2D3654}.Release|x64.ActiveCfg = Release|Any CPU
		{B53D3910-2D34-48D4-ACF4-41709F2D3654}.Release|x86.ActiveCfg = Release|x86
		{B53D3910-2D34-48D4-ACF4-41709F2D3654}.Release|x86.Build.0 = Release|x86
		{71955D50-00AA-44CC-9210-695189735E85}.Debug|Any CPU.ActiveCfg = Debug|Any CPU
		{71955D50-00AA-44CC-9210-695189735E85}.Debug|Any CPU.Build.0 = Debug|Any CPU
		{71955D50-00AA-44CC-9210-695189735E85}.Debug|ARM.ActiveCfg = Debug|Any CPU
		{71955D50-00AA-44CC-9210-695189735E85}.Debug|Mixed Platforms.ActiveCfg = Debug|Any CPU
		{71955D50-00AA-44CC-9210-695189735E85}.Debug|Mixed Platforms.Build.0 = Debug|Any CPU
		{71955D50-00AA-44CC-9210-695189735E85}.Debug|x64.ActiveCfg = Debug|Any CPU
		{71955D50-00AA-44CC-9210-695189735E85}.Debug|x86.ActiveCfg = Debug|Any CPU
		{71955D50-00AA-44CC-9210-695189735E85}.Release|Any CPU.ActiveCfg = Release|Any CPU
		{71955D50-00AA-44CC-9210-695189735E85}.Release|Any CPU.Build.0 = Release|Any CPU
		{71955D50-00AA-44CC-9210-695189735E85}.Release|ARM.ActiveCfg = Release|Any CPU
		{71955D50-00AA-44CC-9210-695189735E85}.Release|Mixed Platforms.ActiveCfg = Release|Any CPU
		{71955D50-00AA-44CC-9210-695189735E85}.Release|Mixed Platforms.Build.0 = Release|Any CPU
		{71955D50-00AA-44CC-9210-695189735E85}.Release|x64.ActiveCfg = Release|Any CPU
		{71955D50-00AA-44CC-9210-695189735E85}.Release|x86.ActiveCfg = Release|Any CPU
		{012BE651-ED60-412D-AFD4-B325C13F8492}.Debug|Any CPU.ActiveCfg = Debug|Any CPU
		{012BE651-ED60-412D-AFD4-B325C13F8492}.Debug|Any CPU.Build.0 = Debug|Any CPU
		{012BE651-ED60-412D-AFD4-B325C13F8492}.Debug|ARM.ActiveCfg = Debug|Any CPU
		{012BE651-ED60-412D-AFD4-B325C13F8492}.Debug|Mixed Platforms.ActiveCfg = Debug|x86
		{012BE651-ED60-412D-AFD4-B325C13F8492}.Debug|Mixed Platforms.Build.0 = Debug|x86
		{012BE651-ED60-412D-AFD4-B325C13F8492}.Debug|x64.ActiveCfg = Debug|Any CPU
		{012BE651-ED60-412D-AFD4-B325C13F8492}.Debug|x86.ActiveCfg = Debug|x86
		{012BE651-ED60-412D-AFD4-B325C13F8492}.Debug|x86.Build.0 = Debug|x86
		{012BE651-ED60-412D-AFD4-B325C13F8492}.Release|Any CPU.ActiveCfg = Release|Any CPU
		{012BE651-ED60-412D-AFD4-B325C13F8492}.Release|Any CPU.Build.0 = Release|Any CPU
		{012BE651-ED60-412D-AFD4-B325C13F8492}.Release|ARM.ActiveCfg = Release|Any CPU
		{012BE651-ED60-412D-AFD4-B325C13F8492}.Release|Mixed Platforms.ActiveCfg = Release|x86
		{012BE651-ED60-412D-AFD4-B325C13F8492}.Release|Mixed Platforms.Build.0 = Release|x86
		{012BE651-ED60-412D-AFD4-B325C13F8492}.Release|x64.ActiveCfg = Release|Any CPU
		{012BE651-ED60-412D-AFD4-B325C13F8492}.Release|x86.ActiveCfg = Release|x86
		{012BE651-ED60-412D-AFD4-B325C13F8492}.Release|x86.Build.0 = Release|x86
		{28AED6AC-4565-4FE5-9913-17B04B02E3F9}.Debug|Any CPU.ActiveCfg = Debug|Any CPU
		{28AED6AC-4565-4FE5-9913-17B04B02E3F9}.Debug|Any CPU.Build.0 = Debug|Any CPU
		{28AED6AC-4565-4FE5-9913-17B04B02E3F9}.Debug|ARM.ActiveCfg = Debug|Any CPU
		{28AED6AC-4565-4FE5-9913-17B04B02E3F9}.Debug|Mixed Platforms.ActiveCfg = Debug|Any CPU
		{28AED6AC-4565-4FE5-9913-17B04B02E3F9}.Debug|Mixed Platforms.Build.0 = Debug|Any CPU
		{28AED6AC-4565-4FE5-9913-17B04B02E3F9}.Debug|x64.ActiveCfg = Debug|Any CPU
		{28AED6AC-4565-4FE5-9913-17B04B02E3F9}.Debug|x86.ActiveCfg = Debug|Any CPU
		{28AED6AC-4565-4FE5-9913-17B04B02E3F9}.Release|Any CPU.ActiveCfg = Release|Any CPU
		{28AED6AC-4565-4FE5-9913-17B04B02E3F9}.Release|Any CPU.Build.0 = Release|Any CPU
		{28AED6AC-4565-4FE5-9913-17B04B02E3F9}.Release|ARM.ActiveCfg = Release|Any CPU
		{28AED6AC-4565-4FE5-9913-17B04B02E3F9}.Release|Mixed Platforms.ActiveCfg = Release|Any CPU
		{28AED6AC-4565-4FE5-9913-17B04B02E3F9}.Release|Mixed Platforms.Build.0 = Release|Any CPU
		{28AED6AC-4565-4FE5-9913-17B04B02E3F9}.Release|x64.ActiveCfg = Release|Any CPU
		{28AED6AC-4565-4FE5-9913-17B04B02E3F9}.Release|x86.ActiveCfg = Release|Any CPU
		{92279F55-6F78-4A78-B5C3-C15EC9833E7E}.Debug|Any CPU.ActiveCfg = Debug|Any CPU
		{92279F55-6F78-4A78-B5C3-C15EC9833E7E}.Debug|Any CPU.Build.0 = Debug|Any CPU
		{92279F55-6F78-4A78-B5C3-C15EC9833E7E}.Debug|ARM.ActiveCfg = Debug|Any CPU
		{92279F55-6F78-4A78-B5C3-C15EC9833E7E}.Debug|Mixed Platforms.ActiveCfg = Debug|Any CPU
		{92279F55-6F78-4A78-B5C3-C15EC9833E7E}.Debug|Mixed Platforms.Build.0 = Debug|Any CPU
		{92279F55-6F78-4A78-B5C3-C15EC9833E7E}.Debug|x64.ActiveCfg = Debug|Any CPU
		{92279F55-6F78-4A78-B5C3-C15EC9833E7E}.Debug|x86.ActiveCfg = Debug|Any CPU
		{92279F55-6F78-4A78-B5C3-C15EC9833E7E}.Release|Any CPU.ActiveCfg = Release|Any CPU
		{92279F55-6F78-4A78-B5C3-C15EC9833E7E}.Release|Any CPU.Build.0 = Release|Any CPU
		{92279F55-6F78-4A78-B5C3-C15EC9833E7E}.Release|ARM.ActiveCfg = Release|Any CPU
		{92279F55-6F78-4A78-B5C3-C15EC9833E7E}.Release|Mixed Platforms.ActiveCfg = Release|Any CPU
		{92279F55-6F78-4A78-B5C3-C15EC9833E7E}.Release|Mixed Platforms.Build.0 = Release|Any CPU
		{92279F55-6F78-4A78-B5C3-C15EC9833E7E}.Release|x64.ActiveCfg = Release|Any CPU
		{92279F55-6F78-4A78-B5C3-C15EC9833E7E}.Release|x86.ActiveCfg = Release|Any CPU
		{1B32B221-74A2-4028-9DB3-12E674D2345B}.Debug|Any CPU.ActiveCfg = Debug|Any CPU
		{1B32B221-74A2-4028-9DB3-12E674D2345B}.Debug|Any CPU.Build.0 = Debug|Any CPU
		{1B32B221-74A2-4028-9DB3-12E674D2345B}.Debug|ARM.ActiveCfg = Debug|Any CPU
		{1B32B221-74A2-4028-9DB3-12E674D2345B}.Debug|Mixed Platforms.ActiveCfg = Debug|Any CPU
		{1B32B221-74A2-4028-9DB3-12E674D2345B}.Debug|Mixed Platforms.Build.0 = Debug|Any CPU
		{1B32B221-74A2-4028-9DB3-12E674D2345B}.Debug|x64.ActiveCfg = Debug|Any CPU
		{1B32B221-74A2-4028-9DB3-12E674D2345B}.Debug|x86.ActiveCfg = Debug|Any CPU
		{1B32B221-74A2-4028-9DB3-12E674D2345B}.Release|Any CPU.ActiveCfg = Release|Any CPU
		{1B32B221-74A2-4028-9DB3-12E674D2345B}.Release|Any CPU.Build.0 = Release|Any CPU
		{1B32B221-74A2-4028-9DB3-12E674D2345B}.Release|ARM.ActiveCfg = Release|Any CPU
		{1B32B221-74A2-4028-9DB3-12E674D2345B}.Release|Mixed Platforms.ActiveCfg = Release|Any CPU
		{1B32B221-74A2-4028-9DB3-12E674D2345B}.Release|Mixed Platforms.Build.0 = Release|Any CPU
		{1B32B221-74A2-4028-9DB3-12E674D2345B}.Release|x64.ActiveCfg = Release|Any CPU
		{1B32B221-74A2-4028-9DB3-12E674D2345B}.Release|x86.ActiveCfg = Release|Any CPU
	EndGlobalSection
	GlobalSection(SolutionProperties) = preSolution
		HideSolutionNode = FALSE
	EndGlobalSection
	GlobalSection(NestedProjects) = preSolution
		{75744B01-9ACF-43B3-A691-97AAB0A74C37} = {D9AFB6D7-714C-448D-AEA2-8D7491EF801B}
		{055C0983-576A-4BE1-9FEB-69537AC96EB5} = {D9AFB6D7-714C-448D-AEA2-8D7491EF801B}
		{B7ABA11B-17F7-48A4-8002-CAC7CE1572F6} = {D9AFB6D7-714C-448D-AEA2-8D7491EF801B}
		{A21203A2-41DF-442F-B129-6BF49C9D4228} = {D9AFB6D7-714C-448D-AEA2-8D7491EF801B}
		{B53D3910-2D34-48D4-ACF4-41709F2D3654} = {D9AFB6D7-714C-448D-AEA2-8D7491EF801B}
		{04E1D886-D1E3-4341-BAB4-95C2D9289595} = {57E8421F-C16A-49C6-87E0-C4FF4FAF2CFE}
		{1C2110C1-7E36-4C4E-BD03-50AE375A612E} = {57E8421F-C16A-49C6-87E0-C4FF4FAF2CFE}
		{74F160C5-E0C8-4B45-9B75-47DCB18185C6} = {57E8421F-C16A-49C6-87E0-C4FF4FAF2CFE}
		{1CCA8A39-1A93-4875-8BDC-8A02827962BC} = {57E8421F-C16A-49C6-87E0-C4FF4FAF2CFE}
		{71955D50-00AA-44CC-9210-695189735E85} = {04E1D886-D1E3-4341-BAB4-95C2D9289595}
		{56FBBFCA-D173-473C-8B0B-C91E41B7BA5A} = {6D3BE0CD-BDD9-416E-88E8-3DDFA29613AF}
		{45082A80-6A9E-4A35-90D3-DD955BC0350E} = {6D3BE0CD-BDD9-416E-88E8-3DDFA29613AF}
		{418CF693-C853-4CDA-B756-6BC00FDF1E0B} = {6C61D6AC-0D38-41DB-A428-CFDBA57BB60E}
		{31871ABA-323E-4A2B-B6CF-CF58C47354D4} = {6C61D6AC-0D38-41DB-A428-CFDBA57BB60E}
		{F5CCF728-148A-4F77-A81D-DEC279C995B8} = {418CF693-C853-4CDA-B756-6BC00FDF1E0B}
		{0CE3A5ED-0760-4952-8A90-6E8CA9B378E9} = {31871ABA-323E-4A2B-B6CF-CF58C47354D4}
		{28AED6AC-4565-4FE5-9913-17B04B02E3F9} = {31871ABA-323E-4A2B-B6CF-CF58C47354D4}
		{92279F55-6F78-4A78-B5C3-C15EC9833E7E} = {31871ABA-323E-4A2B-B6CF-CF58C47354D4}
		{1B32B221-74A2-4028-9DB3-12E674D2345B} = {31871ABA-323E-4A2B-B6CF-CF58C47354D4}
		{012BE651-ED60-412D-AFD4-B325C13F8492} = {1C2110C1-7E36-4C4E-BD03-50AE375A612E}
	EndGlobalSection
	GlobalSection(ExtensibilityGlobals) = postSolution
		VisualSVNWorkingCopyRoot = .
	EndGlobalSection
EndGlobal
